<?xml version="1.0" encoding="utf-8"?>
<Project ToolsVersion="4.0" xmlns="http://schemas.microsoft.com/developer/msbuild/2003">
  <ItemGroup>
    <Filter Include="Source Files">
      <UniqueIdentifier>{4FC737F1-C7A5-4376-A066-2A32D752A2FF}</UniqueIdentifier>
      <Extensions>qml;cpp;c;cc;cxx;def;odl;idl;hpj;bat;asm;asmx</Extensions>
    </Filter>
    <Filter Include="Header Files">
      <UniqueIdentifier>{93995380-89BD-4b04-88EB-625FBE52EBFB}</UniqueIdentifier>
      <Extensions>h;hh;hpp;hxx;hm;inl;inc;xsd</Extensions>
    </Filter>
    <Filter Include="Resource Files">
      <UniqueIdentifier>{67DA6AB6-F800-4c08-8B7A-83BB121AAD01}</UniqueIdentifier>
      <Extensions>qrc;rc;ico;cur;bmp;dlg;rc2;rct;bin;rgs;gif;jpg;jpeg;jpe;resx;tiff;tif;png;wav;mfcribbon-ms</Extensions>
    </Filter>
    <Filter Include="Form Files">
      <UniqueIdentifier>{99349809-55BA-4b9d-BF79-8FDBB0286EB3}</UniqueIdentifier>
      <Extensions>ui</Extensions>
    </Filter>
    <Filter Include="Translation Files">
      <UniqueIdentifier>{639EADAA-A684-42e4-A9AD-28FC9BCB8F7C}</UniqueIdentifier>
      <Extensions>ts</Extensions>
    </Filter>
    <Filter Include="QThread">
      <UniqueIdentifier>{0e7de4b9-bf52-46d5-91f7-115024c4a1d6}</UniqueIdentifier>
    </Filter>
    <Filter Include="GLC">
      <UniqueIdentifier>{a83b9b87-ff77-480a-8f84-954ddd5246ae}</UniqueIdentifier>
    </Filter>
    <Filter Include="Custom">
      <UniqueIdentifier>{fbf74d18-9dd5-4bc4-8269-faf4455954ba}</UniqueIdentifier>
    </Filter>
  </ItemGroup>
  <ItemGroup>
    <QtRcc Include="QtCustomWidget.qrc">
      <Filter>Resource Files</Filter>
    </QtRcc>
  </ItemGroup>
  <ItemGroup>
    <ClCompile Include="main.cpp">
      <Filter>Source Files</Filter>
    </ClCompile>
    <ClCompile Include="QMainWin.cpp">
      <Filter>Source Files</Filter>
    </ClCompile>
    <ClCompile Include="stdafx.cpp">
      <Filter>Source Files</Filter>
    </ClCompile>
    <ClCompile Include="QtWidgetsDemo.cpp">
      <Filter>Custom</Filter>
    </ClCompile>
    <ClCompile Include="QtThreadRun.cpp">
      <Filter>QThread</Filter>
    </ClCompile>
    <ClCompile Include="QtObjectThread.cpp">
      <Filter>QThread</Filter>
    </ClCompile>
    <ClCompile Include="QDlgThreadTimer.cpp">
      <Filter>QThread</Filter>
    </ClCompile>
    <ClCompile Include="QDlgGLC.cpp">
      <Filter>GLC</Filter>
    </ClCompile>
    <ClCompile Include="TDMSummaryTableWgt.cpp">
      <Filter>GLC</Filter>
    </ClCompile>
  </ItemGroup>
  <ItemGroup>
    <QtMoc Include="QMainWin.h">
      <Filter>Header Files</Filter>
    </QtMoc>
    <QtMoc Include="QtWidgetsDemo.h">
      <Filter>Custom</Filter>
    </QtMoc>
    <QtMoc Include="QtThreadRun.h">
      <Filter>QThread</Filter>
    </QtMoc>
    <QtMoc Include="QtObjectThread.h">
      <Filter>QThread</Filter>
    </QtMoc>
    <QtMoc Include="QDlgThreadTimer.h">
      <Filter>QThread</Filter>
    </QtMoc>
    <QtMoc Include="QDlgGLC.h">
      <Filter>GLC</Filter>
    </QtMoc>
    <QtMoc Include="TDMDetailDataForm.h">
      <Filter>GLC</Filter>
    </QtMoc>
    <QtMoc Include="TDMSummaryTableWgt.h">
      <Filter>GLC</Filter>
    </QtMoc>
  </ItemGroup>
  <ItemGroup>
    <QtUic Include="QMainWin.ui">
      <Filter>Form Files</Filter>
    </QtUic>
    <QtUic Include="QtWidgetsDemo.ui">
      <Filter>Form Files</Filter>
    </QtUic>
    <QtUic Include="QDlgThreadTimer.ui">
      <Filter>Form Files</Filter>
    </QtUic>
    <QtUic Include="QDlgGLC.ui">
      <Filter>Form Files</Filter>
    </QtUic>
    <QtUic Include="TDMDetailDataForm.ui">
      <Filter>GLC</Filter>
    </QtUic>
    <QtUic Include="TDMTrendChartForm.ui">
      <Filter>GLC</Filter>
    </QtUic>
  </ItemGroup>
  <ItemGroup>
    <ClInclude Include="stdafx.h">
      <Filter>Header Files</Filter>
    </ClInclude>
  </ItemGroup>
</Project>